
Microsoft Visual Studio Solution File, Format Version 12.00
# Visual Studio Version 16
VisualStudioVersion = 16.0.30503.244
MinimumVisualStudioVersion = 10.0.40219.1
Project("{FAE04EC0-301F-11D3-BF4B-00C04F79EFBC}") = "MegaDeskTeamC", "MegaDeskTeamC\MegaDeskTeamC.csproj", "{B016A044-BA57-4E48-9EA2-FDF7A7B78176}"
EndProject
Global
	GlobalSection(SolutionConfigurationPlatforms) = preSolution
		Debug|Any CPU = Debug|Any CPU
		Release|Any CPU = Release|Any CPU
	EndGlobalSection
	GlobalSection(ProjectConfigurationPlatforms) = postSolution
		{B016A044-BA57-4E48-9EA2-FDF7A7B78176}.Debug|Any CPU.ActiveCfg = Debug|Any CPU
		{B016A044-BA57-4E48-9EA2-FDF7A7B78176}.Debug|Any CPU.Build.0 = Debug|Any CPU
		{B016A044-BA57-4E48-9EA2-FDF7A7B78176}.Release|Any CPU.ActiveCfg = Release|Any CPU
		{B016A044-BA57-4E48-9EA2-FDF7A7B78176}.Release|Any CPU.Build.0 = Release|Any CPU
	EndGlobalSection
	GlobalSection(SolutionProperties) = preSolution
		HideSolutionNode = FALSE
	EndGlobalSection
	GlobalSection(ExtensibilityGlobals) = postSolution
		SolutionGuid = {B3671435-5A04-4357-B59E-BA3804EDC0B5}
	EndGlobalSection
EndGlobal
